
Microsoft Visual Studio Solution File, Format Version 12.00
# Visual Studio Version 17
VisualStudioVersion = 17.0.31903.59
MinimumVisualStudioVersion = 10.0.40219.1
Project("{2150E333-8FDC-42A3-9474-1A3956D46DE8}") = "Solution Items", "Solution Items", "{0E40F277-C83D-4970-8823-A693E229D4D4}"
	ProjectSection(SolutionItems) = preProject
		.editorconfig = .editorconfig
		.gitattributes = .gitattributes
		.gitignore = .gitignore
		.vsconfig = .vsconfig
		Directory.Build.props = Directory.Build.props
		Directory.Packages.props = Directory.Packages.props
		LICENSE = LICENSE
		NuGet.config = NuGet.config
		README.md = README.md
		Settings.XamlStyler = Settings.XamlStyler
	EndProjectSection
EndProject
Project("{2150E333-8FDC-42A3-9474-1A3956D46DE8}") = "Tests", "Tests", "{6774BEDE-1700-487D-8C06-90DD778759CB}"
EndProject
Project("{2150E333-8FDC-42A3-9474-1A3956D46DE8}") = "Libraries", "Libraries", "{D89A7F88-2C37-4822-9E51-B434E712D937}"
EndProject
Project("{FAE04EC0-301F-11D3-BF4B-00C04F79EFBC}") = "ImeSense.GeneoGraph.Layout", "src\ImeSense.GeneoGraph.Layout\ImeSense.GeneoGraph.Layout.csproj", "{73B3A529-DA1F-4BCE-B918-848A26898E10}"
EndProject
Project("{FAE04EC0-301F-11D3-BF4B-00C04F79EFBC}") = "ImeSense.GeneoGraph", "src\ImeSense.GeneoGraph\ImeSense.GeneoGraph.csproj", "{0272B723-5128-4DE0-82AA-07C51B86F58D}"
EndProject
Project("{FAE04EC0-301F-11D3-BF4B-00C04F79EFBC}") = "ImeSense.GeneoGraph.Themes", "src\ImeSense.GeneoGraph.Themes\ImeSense.GeneoGraph.Themes.csproj", "{436EBC9A-7B8F-4DF7-A240-EB6BA9824B73}"
EndProject
Project("{FAE04EC0-301F-11D3-BF4B-00C04F79EFBC}") = "ImeSense.GeneoGraph.Desktop.Windows", "src\ImeSense.GeneoGraph.Desktop.Windows\ImeSense.GeneoGraph.Desktop.Windows.csproj", "{EA584E7E-67C4-4941-8111-3DAD7CFE6AB4}"
EndProject
Project("{FAE04EC0-301F-11D3-BF4B-00C04F79EFBC}") = "ImeSense.GeneoGraph.Desktop.Linux", "src\ImeSense.GeneoGraph.Desktop.Linux\ImeSense.GeneoGraph.Desktop.Linux.csproj", "{75014B1E-0FF9-49FC-BDBA-7ACAC4FE4C74}"
EndProject
Project("{FAE04EC0-301F-11D3-BF4B-00C04F79EFBC}") = "ImeSense.GeneoGraph.Web.WebAssembly", "src\ImeSense.GeneoGraph.Web.WebAssembly\ImeSense.GeneoGraph.Web.WebAssembly.csproj", "{9D8C2D2D-0028-4E63-9F58-5E739E0D6B86}"
EndProject
Project("{FAE04EC0-301F-11D3-BF4B-00C04F79EFBC}") = "ImeSense.GeneoGraph.Tests", "test\ImeSense.GeneoGraph.Tests\ImeSense.GeneoGraph.Tests.csproj", "{D50ECC93-CF79-4D5A-996E-42070F69B9FE}"
EndProject
Global
	GlobalSection(SolutionConfigurationPlatforms) = preSolution
		Debug|Any CPU = Debug|Any CPU
		Release|Any CPU = Release|Any CPU
	EndGlobalSection
	GlobalSection(ProjectConfigurationPlatforms) = postSolution
		{73B3A529-DA1F-4BCE-B918-848A26898E10}.Debug|Any CPU.ActiveCfg = Debug|Any CPU
		{73B3A529-DA1F-4BCE-B918-848A26898E10}.Debug|Any CPU.Build.0 = Debug|Any CPU
		{73B3A529-DA1F-4BCE-B918-848A26898E10}.Release|Any CPU.ActiveCfg = Release|Any CPU
		{73B3A529-DA1F-4BCE-B918-848A26898E10}.Release|Any CPU.Build.0 = Release|Any CPU
		{0272B723-5128-4DE0-82AA-07C51B86F58D}.Debug|Any CPU.ActiveCfg = Debug|Any CPU
		{0272B723-5128-4DE0-82AA-07C51B86F58D}.Debug|Any CPU.Build.0 = Debug|Any CPU
		{0272B723-5128-4DE0-82AA-07C51B86F58D}.Release|Any CPU.ActiveCfg = Release|Any CPU
		{0272B723-5128-4DE0-82AA-07C51B86F58D}.Release|Any CPU.Build.0 = Release|Any CPU
		{436EBC9A-7B8F-4DF7-A240-EB6BA9824B73}.Debug|Any CPU.ActiveCfg = Debug|Any CPU
		{436EBC9A-7B8F-4DF7-A240-EB6BA9824B73}.Debug|Any CPU.Build.0 = Debug|Any CPU
		{436EBC9A-7B8F-4DF7-A240-EB6BA9824B73}.Release|Any CPU.ActiveCfg = Release|Any CPU
		{436EBC9A-7B8F-4DF7-A240-EB6BA9824B73}.Release|Any CPU.Build.0 = Release|Any CPU
		{EA584E7E-67C4-4941-8111-3DAD7CFE6AB4}.Debug|Any CPU.ActiveCfg = Debug|Any CPU
		{EA584E7E-67C4-4941-8111-3DAD7CFE6AB4}.Debug|Any CPU.Build.0 = Debug|Any CPU
		{EA584E7E-67C4-4941-8111-3DAD7CFE6AB4}.Release|Any CPU.ActiveCfg = Release|Any CPU
		{EA584E7E-67C4-4941-8111-3DAD7CFE6AB4}.Release|Any CPU.Build.0 = Release|Any CPU
		{75014B1E-0FF9-49FC-BDBA-7ACAC4FE4C74}.Debug|Any CPU.ActiveCfg = Debug|Any CPU
		{75014B1E-0FF9-49FC-BDBA-7ACAC4FE4C74}.Debug|Any CPU.Build.0 = Debug|Any CPU
		{75014B1E-0FF9-49FC-BDBA-7ACAC4FE4C74}.Release|Any CPU.ActiveCfg = Release|Any CPU
		{75014B1E-0FF9-49FC-BDBA-7ACAC4FE4C74}.Release|Any CPU.Build.0 = Release|Any CPU
		{9D8C2D2D-0028-4E63-9F58-5E739E0D6B86}.Debug|Any CPU.ActiveCfg = Debug|Any CPU
		{9D8C2D2D-0028-4E63-9F58-5E739E0D6B86}.Debug|Any CPU.Build.0 = Debug|Any CPU
		{9D8C2D2D-0028-4E63-9F58-5E739E0D6B86}.Release|Any CPU.ActiveCfg = Release|Any CPU
		{9D8C2D2D-0028-4E63-9F58-5E739E0D6B86}.Release|Any CPU.Build.0 = Release|Any CPU
		{D50ECC93-CF79-4D5A-996E-42070F69B9FE}.Debug|Any CPU.ActiveCfg = Debug|Any CPU
		{D50ECC93-CF79-4D5A-996E-42070F69B9FE}.Debug|Any CPU.Build.0 = Debug|Any CPU
		{D50ECC93-CF79-4D5A-996E-42070F69B9FE}.Release|Any CPU.ActiveCfg = Release|Any CPU
		{D50ECC93-CF79-4D5A-996E-42070F69B9FE}.Release|Any CPU.Build.0 = Release|Any CPU
	EndGlobalSection
	GlobalSection(SolutionProperties) = preSolution
		HideSolutionNode = FALSE
	EndGlobalSection
	GlobalSection(NestedProjects) = preSolution
		{0272B723-5128-4DE0-82AA-07C51B86F58D} = {D89A7F88-2C37-4822-9E51-B434E712D937}
		{436EBC9A-7B8F-4DF7-A240-EB6BA9824B73} = {D89A7F88-2C37-4822-9E51-B434E712D937}
		{D50ECC93-CF79-4D5A-996E-42070F69B9FE} = {6774BEDE-1700-487D-8C06-90DD778759CB}
	EndGlobalSection
	GlobalSection(ExtensibilityGlobals) = postSolution
		SolutionGuid = {B9D8E7CD-036D-4FF2-A7EB-7A2A25F376E7}
	EndGlobalSection
EndGlobal
