
Microsoft Visual Studio Solution File, Format Version 12.00
# Visual Studio Version 17
VisualStudioVersion = 17.0.31903.59
MinimumVisualStudioVersion = 10.0.40219.1
Project("{9A19103F-16F7-4668-BE54-9A1E7A4F7556}") = "ImeSense.GeneoGraph.Design", "src\ImeSense.GeneoGraph.Design\ImeSense.GeneoGraph.Design.csproj", "{20408239-5499-478E-BF01-62233DB94138}"
EndProject
Project("{2150E333-8FDC-42A3-9474-1A3956D46DE8}") = "Solution Items", "Solution Items", "{169C7A99-699D-4F45-9297-0612C9672F5F}"
	ProjectSection(SolutionItems) = preProject
		.editorconfig = .editorconfig
		.gitattributes = .gitattributes
		.gitignore = .gitignore
		.vsconfig = .vsconfig
		Directory.Build.props = Directory.Build.props
		LICENSE = LICENSE
		NuGet.config = NuGet.config
		README.md = README.md
		Settings.XamlStyler = Settings.XamlStyler
	EndProjectSection
EndProject
Project("{2150E333-8FDC-42A3-9474-1A3956D46DE8}") = "Libraries", "Libraries", "{BE5B01E7-0C0A-4744-AA9A-A2F7E883D07B}"
EndProject
Project("{9A19103F-16F7-4668-BE54-9A1E7A4F7556}") = "ImeSense.GeneoGraph.Themes", "src\ImeSense.GeneoGraph.Themes\ImeSense.GeneoGraph.Themes.csproj", "{A712F678-1D95-4516-B8A5-7E8003D4E39A}"
EndProject
Global
	GlobalSection(SolutionConfigurationPlatforms) = preSolution
		Debug|Any CPU = Debug|Any CPU
		Release|Any CPU = Release|Any CPU
	EndGlobalSection
	GlobalSection(ProjectConfigurationPlatforms) = postSolution
		{20408239-5499-478E-BF01-62233DB94138}.Debug|Any CPU.ActiveCfg = Debug|Any CPU
		{20408239-5499-478E-BF01-62233DB94138}.Debug|Any CPU.Build.0 = Debug|Any CPU
		{20408239-5499-478E-BF01-62233DB94138}.Release|Any CPU.ActiveCfg = Release|Any CPU
		{20408239-5499-478E-BF01-62233DB94138}.Release|Any CPU.Build.0 = Release|Any CPU
		{A712F678-1D95-4516-B8A5-7E8003D4E39A}.Debug|Any CPU.ActiveCfg = Debug|Any CPU
		{A712F678-1D95-4516-B8A5-7E8003D4E39A}.Debug|Any CPU.Build.0 = Debug|Any CPU
		{A712F678-1D95-4516-B8A5-7E8003D4E39A}.Release|Any CPU.ActiveCfg = Release|Any CPU
		{A712F678-1D95-4516-B8A5-7E8003D4E39A}.Release|Any CPU.Build.0 = Release|Any CPU
	EndGlobalSection
	GlobalSection(SolutionProperties) = preSolution
		HideSolutionNode = FALSE
	EndGlobalSection
	GlobalSection(NestedProjects) = preSolution
		{A712F678-1D95-4516-B8A5-7E8003D4E39A} = {BE5B01E7-0C0A-4744-AA9A-A2F7E883D07B}
	EndGlobalSection
EndGlobal
